
Microsoft Visual Studio Solution File, Format Version 12.00
# Visual Studio Version 16
VisualStudioVersion = 16.0.30611.23
MinimumVisualStudioVersion = 10.0.40219.1
Project("{FAE04EC0-301F-11D3-BF4B-00C04F79EFBC}") = "StudentGrades", "StudentGrades\StudentGrades.csproj", "{03AB11CB-7EF5-43C3-BDEC-20FC6DC52080}"
EndProject
Global
	GlobalSection(SolutionConfigurationPlatforms) = preSolution
		Debug|Any CPU = Debug|Any CPU
		Release|Any CPU = Release|Any CPU
	EndGlobalSection
	GlobalSection(ProjectConfigurationPlatforms) = postSolution
		{03AB11CB-7EF5-43C3-BDEC-20FC6DC52080}.Debug|Any CPU.ActiveCfg = Debug|Any CPU
		{03AB11CB-7EF5-43C3-BDEC-20FC6DC52080}.Debug|Any CPU.Build.0 = Debug|Any CPU
		{03AB11CB-7EF5-43C3-BDEC-20FC6DC52080}.Release|Any CPU.ActiveCfg = Release|Any CPU
		{03AB11CB-7EF5-43C3-BDEC-20FC6DC52080}.Release|Any CPU.Build.0 = Release|Any CPU
	EndGlobalSection
	GlobalSection(SolutionProperties) = preSolution
		HideSolutionNode = FALSE
	EndGlobalSection
	GlobalSection(ExtensibilityGlobals) = postSolution
		SolutionGuid = {AC67591E-E7C3-4A75-93A6-B50F3DCE8A9D}
	EndGlobalSection
EndGlobal
